
Microsoft Visual Studio Solution File, Format Version 12.00
# Visual Studio Version 16
VisualStudioVersion = 16.0.30002.166
MinimumVisualStudioVersion = 10.0.40219.1
Project("{2150E333-8FDC-42A3-9474-1A3956D46DE8}") = "Microservices", "Microservices", "{2A401F03-53A4-43FD-8B07-F61C4A720799}"
EndProject
Project("{2150E333-8FDC-42A3-9474-1A3956D46DE8}") = "Domain", "Domain", "{8FA3FF4D-4B44-43A8-ACE0-C697EC814413}"
EndProject
Project("{2150E333-8FDC-42A3-9474-1A3956D46DE8}") = "Infra.Bus", "Infra.Bus", "{B503607A-5E44-41E3-B960-CFD4DABEA7BD}"
EndProject
Project("{2150E333-8FDC-42A3-9474-1A3956D46DE8}") = "Infra.IoC", "Infra.IoC", "{32FDAE81-49E2-4423-8BD6-48E4ABD7ECCD}"
EndProject
Project("{2150E333-8FDC-42A3-9474-1A3956D46DE8}") = "Presentation", "Presentation", "{1E113DE9-87BF-4BEC-B52D-C8D5295D2293}"
EndProject
Project("{9A19103F-16F7-4668-BE54-9A1E7A4F7556}") = "MicroRabbit.Domain.Core", "MicroRabbit.Domain.Core\MicroRabbit.Domain.Core.csproj", "{0D8BAE94-70C6-4303-839D-A6C652458F9A}"
EndProject
Project("{FAE04EC0-301F-11D3-BF4B-00C04F79EFBC}") = "MicroRabbit.Infra.Bus", "MicroRabbit.Infra.Bus\MicroRabbit.Infra.Bus.csproj", "{DFE439BD-DCDC-4E3D-A3AA-07E2BED73332}"
EndProject
Project("{FAE04EC0-301F-11D3-BF4B-00C04F79EFBC}") = "MicroRabbit.Infra.IoC", "MicroRabbit.Infra.IoC\MicroRabbit.Infra.IoC.csproj", "{FA750CA2-4D4F-433A-80A9-792FB43B4740}"
EndProject
Project("{2150E333-8FDC-42A3-9474-1A3956D46DE8}") = "Banking", "Banking", "{EFC60BA1-4CF4-441F-BEE1-0AD51D5BEF75}"
EndProject
Project("{2150E333-8FDC-42A3-9474-1A3956D46DE8}") = "Api", "Api", "{272DD87B-235A-42CD-907F-4966CEB44E04}"
EndProject
Project("{2150E333-8FDC-42A3-9474-1A3956D46DE8}") = "Domain", "Domain", "{22BB5F91-C160-4A21-82F0-30E135EB15FA}"
EndProject
Project("{2150E333-8FDC-42A3-9474-1A3956D46DE8}") = "Application", "Application", "{C8919BD0-5A49-4B59-B25B-4C0218DF39C7}"
EndProject
Project("{2150E333-8FDC-42A3-9474-1A3956D46DE8}") = "Data", "Data", "{61E3D970-3DB6-4597-A439-49F27E0C7C36}"
EndProject
Project("{FAE04EC0-301F-11D3-BF4B-00C04F79EFBC}") = "MicroRabbit.Banking.Api", "MicroRabbit.Banking.Api\MicroRabbit.Banking.Api.csproj", "{10AFE8A3-CB21-4FB5-BC24-8E1B67B6375E}"
EndProject
Project("{FAE04EC0-301F-11D3-BF4B-00C04F79EFBC}") = "MicroRabbit.Banking.Application", "MicroRabbit.Banking.Application\MicroRabbit.Banking.Application.csproj", "{AD905D60-232F-44CB-8F5D-DD4654A545CC}"
EndProject
Project("{FAE04EC0-301F-11D3-BF4B-00C04F79EFBC}") = "MIcroRabbit.Banking.Data", "MIcroRabbit.Banking.Data\MIcroRabbit.Banking.Data.csproj", "{C4BDB52C-BDCC-4A03-95BA-930B51F48FD3}"
EndProject
Project("{FAE04EC0-301F-11D3-BF4B-00C04F79EFBC}") = "MicroRabbit.Banking.Domain", "MicroRabbit.Banking.Domain\MicroRabbit.Banking.Domain.csproj", "{F75592D2-0A04-4368-BEE1-9DFC8C1D932F}"
EndProject
Global
	GlobalSection(SolutionConfigurationPlatforms) = preSolution
		Debug|Any CPU = Debug|Any CPU
		Release|Any CPU = Release|Any CPU
	EndGlobalSection
	GlobalSection(ProjectConfigurationPlatforms) = postSolution
		{0D8BAE94-70C6-4303-839D-A6C652458F9A}.Debug|Any CPU.ActiveCfg = Debug|Any CPU
		{0D8BAE94-70C6-4303-839D-A6C652458F9A}.Debug|Any CPU.Build.0 = Debug|Any CPU
		{0D8BAE94-70C6-4303-839D-A6C652458F9A}.Release|Any CPU.ActiveCfg = Release|Any CPU
		{0D8BAE94-70C6-4303-839D-A6C652458F9A}.Release|Any CPU.Build.0 = Release|Any CPU
		{DFE439BD-DCDC-4E3D-A3AA-07E2BED73332}.Debug|Any CPU.ActiveCfg = Debug|Any CPU
		{DFE439BD-DCDC-4E3D-A3AA-07E2BED73332}.Debug|Any CPU.Build.0 = Debug|Any CPU
		{DFE439BD-DCDC-4E3D-A3AA-07E2BED73332}.Release|Any CPU.ActiveCfg = Release|Any CPU
		{DFE439BD-DCDC-4E3D-A3AA-07E2BED73332}.Release|Any CPU.Build.0 = Release|Any CPU
		{FA750CA2-4D4F-433A-80A9-792FB43B4740}.Debug|Any CPU.ActiveCfg = Debug|Any CPU
		{FA750CA2-4D4F-433A-80A9-792FB43B4740}.Debug|Any CPU.Build.0 = Debug|Any CPU
		{FA750CA2-4D4F-433A-80A9-792FB43B4740}.Release|Any CPU.ActiveCfg = Release|Any CPU
		{FA750CA2-4D4F-433A-80A9-792FB43B4740}.Release|Any CPU.Build.0 = Release|Any CPU
		{10AFE8A3-CB21-4FB5-BC24-8E1B67B6375E}.Debug|Any CPU.ActiveCfg = Debug|Any CPU
		{10AFE8A3-CB21-4FB5-BC24-8E1B67B6375E}.Debug|Any CPU.Build.0 = Debug|Any CPU
		{10AFE8A3-CB21-4FB5-BC24-8E1B67B6375E}.Release|Any CPU.ActiveCfg = Release|Any CPU
		{10AFE8A3-CB21-4FB5-BC24-8E1B67B6375E}.Release|Any CPU.Build.0 = Release|Any CPU
		{AD905D60-232F-44CB-8F5D-DD4654A545CC}.Debug|Any CPU.ActiveCfg = Debug|Any CPU
		{AD905D60-232F-44CB-8F5D-DD4654A545CC}.Debug|Any CPU.Build.0 = Debug|Any CPU
		{AD905D60-232F-44CB-8F5D-DD4654A545CC}.Release|Any CPU.ActiveCfg = Release|Any CPU
		{AD905D60-232F-44CB-8F5D-DD4654A545CC}.Release|Any CPU.Build.0 = Release|Any CPU
		{C4BDB52C-BDCC-4A03-95BA-930B51F48FD3}.Debug|Any CPU.ActiveCfg = Debug|Any CPU
		{C4BDB52C-BDCC-4A03-95BA-930B51F48FD3}.Debug|Any CPU.Build.0 = Debug|Any CPU
		{C4BDB52C-BDCC-4A03-95BA-930B51F48FD3}.Release|Any CPU.ActiveCfg = Release|Any CPU
		{C4BDB52C-BDCC-4A03-95BA-930B51F48FD3}.Release|Any CPU.Build.0 = Release|Any CPU
		{F75592D2-0A04-4368-BEE1-9DFC8C1D932F}.Debug|Any CPU.ActiveCfg = Debug|Any CPU
		{F75592D2-0A04-4368-BEE1-9DFC8C1D932F}.Debug|Any CPU.Build.0 = Debug|Any CPU
		{F75592D2-0A04-4368-BEE1-9DFC8C1D932F}.Release|Any CPU.ActiveCfg = Release|Any CPU
		{F75592D2-0A04-4368-BEE1-9DFC8C1D932F}.Release|Any CPU.Build.0 = Release|Any CPU
	EndGlobalSection
	GlobalSection(SolutionProperties) = preSolution
		HideSolutionNode = FALSE
	EndGlobalSection
	GlobalSection(NestedProjects) = preSolution
		{0D8BAE94-70C6-4303-839D-A6C652458F9A} = {8FA3FF4D-4B44-43A8-ACE0-C697EC814413}
		{DFE439BD-DCDC-4E3D-A3AA-07E2BED73332} = {B503607A-5E44-41E3-B960-CFD4DABEA7BD}
		{FA750CA2-4D4F-433A-80A9-792FB43B4740} = {32FDAE81-49E2-4423-8BD6-48E4ABD7ECCD}
		{EFC60BA1-4CF4-441F-BEE1-0AD51D5BEF75} = {2A401F03-53A4-43FD-8B07-F61C4A720799}
		{272DD87B-235A-42CD-907F-4966CEB44E04} = {EFC60BA1-4CF4-441F-BEE1-0AD51D5BEF75}
		{22BB5F91-C160-4A21-82F0-30E135EB15FA} = {EFC60BA1-4CF4-441F-BEE1-0AD51D5BEF75}
		{C8919BD0-5A49-4B59-B25B-4C0218DF39C7} = {EFC60BA1-4CF4-441F-BEE1-0AD51D5BEF75}
		{61E3D970-3DB6-4597-A439-49F27E0C7C36} = {EFC60BA1-4CF4-441F-BEE1-0AD51D5BEF75}
		{10AFE8A3-CB21-4FB5-BC24-8E1B67B6375E} = {272DD87B-235A-42CD-907F-4966CEB44E04}
		{AD905D60-232F-44CB-8F5D-DD4654A545CC} = {C8919BD0-5A49-4B59-B25B-4C0218DF39C7}
		{C4BDB52C-BDCC-4A03-95BA-930B51F48FD3} = {61E3D970-3DB6-4597-A439-49F27E0C7C36}
		{F75592D2-0A04-4368-BEE1-9DFC8C1D932F} = {22BB5F91-C160-4A21-82F0-30E135EB15FA}
	EndGlobalSection
	GlobalSection(ExtensibilityGlobals) = postSolution
		SolutionGuid = {619A50F6-6F8A-4DC1-8687-95A9B4D5038F}
	EndGlobalSection
EndGlobal
